
Microsoft Visual Studio Solution File, Format Version 11.00
# Visual Studio 2010
Project("{8BC9CEB8-8B4A-11D0-8D11-00A0C91BC942}") = "homework9", "homework9\homework9.vcxproj", "{8309EC7C-BD95-4E5F-B276-A054ACACD162}"
EndProject
Global
	GlobalSection(SolutionConfigurationPlatforms) = preSolution
		Debug|Win32 = Debug|Win32
		Release|Win32 = Release|Win32
	EndGlobalSection
	GlobalSection(ProjectConfigurationPlatforms) = postSolution
		{8309EC7C-BD95-4E5F-B276-A054ACACD162}.Debug|Win32.ActiveCfg = Debug|Win32
		{8309EC7C-BD95-4E5F-B276-A054ACACD162}.Debug|Win32.Build.0 = Debug|Win32
		{8309EC7C-BD95-4E5F-B276-A054ACACD162}.Release|Win32.ActiveCfg = Release|Win32
		{8309EC7C-BD95-4E5F-B276-A054ACACD162}.Release|Win32.Build.0 = Release|Win32
	EndGlobalSection
	GlobalSection(SolutionProperties) = preSolution
		HideSolutionNode = FALSE
	EndGlobalSection
EndGlobal
